// !$*UTF8*$!
{
	archiveVersion = 1;
	classes = {
	};
	objectVersion = 46;
	objects = {

/* Begin PBXBuildFile section */
		00E356F31AD99517003FC87E /* allicantellyouTests.m in Sources */ = {isa = PBXBuildFile; fileRef = 00E356F21AD99517003FC87E /* allicantellyouTests.m */; };
		02CE3E8FE24B45249B996D12 /* Nunito-ExtraBoldItalic.ttf in Resources */ = {isa = PBXBuildFile; fileRef = 87ACC707BDD14D878EA9417A /* Nunito-ExtraBoldItalic.ttf */; };
		0676BA089DB249019E17AF84 /* Octicons.ttf in Resources */ = {isa = PBXBuildFile; fileRef = 506D3B14700442328A887289 /* Octicons.ttf */; };
		093F94CBF6D94C1F9557AEC5 /* MaterialCommunityIcons.ttf in Resources */ = {isa = PBXBuildFile; fileRef = C19198D8FBCF46719A1868C4 /* MaterialCommunityIcons.ttf */; };
		0CFFD7320D0FF20DFC869FA1 /* libPods-allicantellyou-tvOSTests.a in Frameworks */ = {isa = PBXBuildFile; fileRef = 8DB7A15E4F4E7FA2644BC7EC /* libPods-allicantellyou-tvOSTests.a */; };
		0D1EEDC75BB1488CA45E7837 /* Nunito-Italic.ttf in Resources */ = {isa = PBXBuildFile; fileRef = F7710A2F9E8640EBA86C5ECA /* Nunito-Italic.ttf */; };
		12C6B0F8DCCF4CD09D9700B1 /* Nunito-BlackItalic.ttf in Resources */ = {isa = PBXBuildFile; fileRef = D0DFCEC4BA1448889025B712 /* Nunito-BlackItalic.ttf */; };
		12C7F5524FA149A998EEE683 /* Foundation.ttf in Resources */ = {isa = PBXBuildFile; fileRef = DDC9FB83D2104CCA8D4A8CF6 /* Foundation.ttf */; };
		13B07FBC1A68108700A75B9A /* AppDelegate.m in Sources */ = {isa = PBXBuildFile; fileRef = 13B07FB01A68108700A75B9A /* AppDelegate.m */; };
		13B07FBF1A68108700A75B9A /* Images.xcassets in Resources */ = {isa = PBXBuildFile; fileRef = 13B07FB51A68108700A75B9A /* Images.xcassets */; };
		13B07FC11A68108700A75B9A /* main.m in Sources */ = {isa = PBXBuildFile; fileRef = 13B07FB71A68108700A75B9A /* main.m */; };
		199030FE743E49B2B9119F20 /* Zocial.ttf in Resources */ = {isa = PBXBuildFile; fileRef = 79E8CB6675ED4E6D9283283E /* Zocial.ttf */; };
		2D02E4BC1E0B4A80006451C7 /* AppDelegate.m in Sources */ = {isa = PBXBuildFile; fileRef = 13B07FB01A68108700A75B9A /* AppDelegate.m */; };
		2D02E4BD1E0B4A84006451C7 /* Images.xcassets in Resources */ = {isa = PBXBuildFile; fileRef = 13B07FB51A68108700A75B9A /* Images.xcassets */; };
		2D02E4BF1E0B4AB3006451C7 /* main.m in Sources */ = {isa = PBXBuildFile; fileRef = 13B07FB71A68108700A75B9A /* main.m */; };
		2DCD954D1E0B4F2C00145EB5 /* allicantellyouTests.m in Sources */ = {isa = PBXBuildFile; fileRef = 00E356F21AD99517003FC87E /* allicantellyouTests.m */; };
		3C8AB60823A2761000BC15B8 /* Launch Screen.storyboard in Resources */ = {isa = PBXBuildFile; fileRef = 3C8AB60723A2761000BC15B8 /* Launch Screen.storyboard */; };
		3F681337CA5D486894BE4DD3 /* FontAwesome.ttf in Resources */ = {isa = PBXBuildFile; fileRef = 8522E628FCAC4F229B341840 /* FontAwesome.ttf */; };
		4DB970F5003649639BDF3803 /* Nunito-ExtraBold.ttf in Resources */ = {isa = PBXBuildFile; fileRef = 095DE474394240179A664FED /* Nunito-ExtraBold.ttf */; };
		5F56D2CCFC3E4677BD887AB9 /* Nunito-Regular.ttf in Resources */ = {isa = PBXBuildFile; fileRef = AD179CFCE2B541879A9E7349 /* Nunito-Regular.ttf */; };
		6324DD1080EA4F7BAA70769F /* Nunito-Black.ttf in Resources */ = {isa = PBXBuildFile; fileRef = 0E3F08E69E7C48AEAD0B0C40 /* Nunito-Black.ttf */; };
		6588B5E402784EE49CBF36FA /* Nunito-ExtraLight.ttf in Resources */ = {isa = PBXBuildFile; fileRef = 03E7085F566A4E18AA05956C /* Nunito-ExtraLight.ttf */; };
		65B630A8B8D04EFFABB28ABE /* Fontisto.ttf in Resources */ = {isa = PBXBuildFile; fileRef = 9335F77599E44374B8242AF0 /* Fontisto.ttf */; };
		7079B46806C141A1A822E4BD /* Entypo.ttf in Resources */ = {isa = PBXBuildFile; fileRef = D6DE3C4AF83D45D1A046B95B /* Entypo.ttf */; };
		724E193A5E1B40BFB0BA8984 /* Ionicons.ttf in Resources */ = {isa = PBXBuildFile; fileRef = AADB669D9CA24A0592CD2F8D /* Ionicons.ttf */; };
		73BC6CBE39774AE2AC2E93FC /* icomoon.ttf in Resources */ = {isa = PBXBuildFile; fileRef = 19C14D71307B41E299155655 /* icomoon.ttf */; };
		8327A4472D846C93CE72DC56 /* libPods-allicantellyou-tvOS.a in Frameworks */ = {isa = PBXBuildFile; fileRef = 4DB70CCEEB4A5D41B9EEB8C1 /* libPods-allicantellyou-tvOS.a */; };
		8FB0AFE9BAF64A748EDD2EA1 /* EvilIcons.ttf in Resources */ = {isa = PBXBuildFile; fileRef = 674511A2DAB84B1EBD0540DA /* EvilIcons.ttf */; };
		9162E1775A5A4F2BAB8C7D1A /* Nunito-ExtraLightItalic.ttf in Resources */ = {isa = PBXBuildFile; fileRef = C66054C033EA49ADA1FF3F85 /* Nunito-ExtraLightItalic.ttf */; };
		91D7D40333FC4698B5859D6C /* Nunito-SemiBold.ttf in Resources */ = {isa = PBXBuildFile; fileRef = 56AEAB4826A9488189A1CCF2 /* Nunito-SemiBold.ttf */; };
		975D2409344645F0800278F0 /* Nunito-BoldItalic.ttf in Resources */ = {isa = PBXBuildFile; fileRef = CC44AAB7582C4C31A4D5D120 /* Nunito-BoldItalic.ttf */; };
		A3ADF030C6D844799487474B /* Nunito-LightItalic.ttf in Resources */ = {isa = PBXBuildFile; fileRef = DB10007FE8A745E4AC29E7DB /* Nunito-LightItalic.ttf */; };
		A5D4DC6DB4FF433B88C83C32 /* Feather.ttf in Resources */ = {isa = PBXBuildFile; fileRef = 4AEBAF94B2B34DB9BAFEADF8 /* Feather.ttf */; };
		A7225C78A75F4467B79D0BBC /* Nunito-Light.ttf in Resources */ = {isa = PBXBuildFile; fileRef = E487817189EA43749529ECC6 /* Nunito-Light.ttf */; };
		C2ADB6AF693144AF8D40FE51 /* MaterialIcons.ttf in Resources */ = {isa = PBXBuildFile; fileRef = 8BC420A7FDBE4570878C6C35 /* MaterialIcons.ttf */; };
		C3C19FF7DD6F47A09C074DA2 /* FontAwesome5_Brands.ttf in Resources */ = {isa = PBXBuildFile; fileRef = 414D5F35C4F04B058D89C628 /* FontAwesome5_Brands.ttf */; };
		CD498F3D8EE24D8CAB0FDC5D /* SimpleLineIcons.ttf in Resources */ = {isa = PBXBuildFile; fileRef = 07293C08DD5F450684DD62ED /* SimpleLineIcons.ttf */; };
		D1AB70CE9D0A4133A5A93161 /* Nunito-Bold.ttf in Resources */ = {isa = PBXBuildFile; fileRef = 37B8A02C3E9B4FBF8FD83CAA /* Nunito-Bold.ttf */; };
		D76F327E84C6F7E525AD56A8 /* libPods-allicantellyouTests.a in Frameworks */ = {isa = PBXBuildFile; fileRef = C2043BD65C87E3AE0AFD7937 /* libPods-allicantellyouTests.a */; };
		DD4F71E2ED4190113403381B /* libPods-allicantellyou.a in Frameworks */ = {isa = PBXBuildFile; fileRef = E34F60979B91B94DA9CAC243 /* libPods-allicantellyou.a */; };
		E769EBA707814E33A95786C3 /* FontAwesome5_Regular.ttf in Resources */ = {isa = PBXBuildFile; fileRef = 236E9F2D8EDF4601AF327C0C /* FontAwesome5_Regular.ttf */; };
		EB6033D74F944CF6AC39FF13 /* AntDesign.ttf in Resources */ = {isa = PBXBuildFile; fileRef = F88FCD8EA91D4DBC89262217 /* AntDesign.ttf */; };
		F0363B79921D4EF5A4DDDDD3 /* FontAwesome5_Solid.ttf in Resources */ = {isa = PBXBuildFile; fileRef = EC0D8E0F7A104DA6B5A6C261 /* FontAwesome5_Solid.ttf */; };
		FF28CEF06EB6400080B76A07 /* Nunito-SemiBoldItalic.ttf in Resources */ = {isa = PBXBuildFile; fileRef = C8A6BEF0BFD84B03BAF6F426 /* Nunito-SemiBoldItalic.ttf */; };
/* End PBXBuildFile section */

/* Begin PBXContainerItemProxy section */
		00E356F41AD99517003FC87E /* PBXContainerItemProxy */ = {
			isa = PBXContainerItemProxy;
			containerPortal = 83CBB9F71A601CBA00E9B192 /* Project object */;
			proxyType = 1;
			remoteGlobalIDString = 13B07F861A680F5B00A75B9A;
			remoteInfo = allicantellyou;
		};
		2D02E4911E0B4A5D006451C7 /* PBXContainerItemProxy */ = {
			isa = PBXContainerItemProxy;
			containerPortal = 83CBB9F71A601CBA00E9B192 /* Project object */;
			proxyType = 1;
			remoteGlobalIDString = 2D02E47A1E0B4A5D006451C7;
			remoteInfo = "allicantellyou-tvOS";
		};
/* End PBXContainerItemProxy section */

/* Begin PBXFileReference section */
		008F07F21AC5B25A0029DE68 /* main.jsbundle */ = {isa = PBXFileReference; fileEncoding = 4; lastKnownFileType = text; path = main.jsbundle; sourceTree = "<group>"; };
		00E356EE1AD99517003FC87E /* allicantellyouTests.xctest */ = {isa = PBXFileReference; explicitFileType = wrapper.cfbundle; includeInIndex = 0; path = allicantellyouTests.xctest; sourceTree = BUILT_PRODUCTS_DIR; };
		00E356F11AD99517003FC87E /* Info.plist */ = {isa = PBXFileReference; lastKnownFileType = text.plist.xml; path = Info.plist; sourceTree = "<group>"; };
		00E356F21AD99517003FC87E /* allicantellyouTests.m */ = {isa = PBXFileReference; lastKnownFileType = sourcecode.c.objc; path = allicantellyouTests.m; sourceTree = "<group>"; };
		03E7085F566A4E18AA05956C /* Nunito-ExtraLight.ttf */ = {isa = PBXFileReference; explicitFileType = undefined; fileEncoding = 9; includeInIndex = 0; lastKnownFileType = unknown; name = "Nunito-ExtraLight.ttf"; path = "../Assets/Fonts/Nunito-ExtraLight.ttf"; sourceTree = "<group>"; };
		07293C08DD5F450684DD62ED /* SimpleLineIcons.ttf */ = {isa = PBXFileReference; explicitFileType = undefined; fileEncoding = 9; includeInIndex = 0; lastKnownFileType = unknown; name = SimpleLineIcons.ttf; path = "../node_modules/react-native-vector-icons/Fonts/SimpleLineIcons.ttf"; sourceTree = "<group>"; };
		095DE474394240179A664FED /* Nunito-ExtraBold.ttf */ = {isa = PBXFileReference; explicitFileType = undefined; fileEncoding = 9; includeInIndex = 0; lastKnownFileType = unknown; name = "Nunito-ExtraBold.ttf"; path = "../Assets/Fonts/Nunito-ExtraBold.ttf"; sourceTree = "<group>"; };
		0BBBCC96B3ABAD1BD01C6D39 /* Pods-allicantellyou.debug.xcconfig */ = {isa = PBXFileReference; includeInIndex = 1; lastKnownFileType = text.xcconfig; name = "Pods-allicantellyou.debug.xcconfig"; path = "Target Support Files/Pods-allicantellyou/Pods-allicantellyou.debug.xcconfig"; sourceTree = "<group>"; };
		0E3F08E69E7C48AEAD0B0C40 /* Nunito-Black.ttf */ = {isa = PBXFileReference; explicitFileType = undefined; fileEncoding = 9; includeInIndex = 0; lastKnownFileType = unknown; name = "Nunito-Black.ttf"; path = "../Assets/Fonts/Nunito-Black.ttf"; sourceTree = "<group>"; };
		13B07F961A680F5B00A75B9A /* allicantellyou.app */ = {isa = PBXFileReference; explicitFileType = wrapper.application; includeInIndex = 0; path = allicantellyou.app; sourceTree = BUILT_PRODUCTS_DIR; };
		13B07FAF1A68108700A75B9A /* AppDelegate.h */ = {isa = PBXFileReference; fileEncoding = 4; lastKnownFileType = sourcecode.c.h; name = AppDelegate.h; path = allicantellyou/AppDelegate.h; sourceTree = "<group>"; };
		13B07FB01A68108700A75B9A /* AppDelegate.m */ = {isa = PBXFileReference; fileEncoding = 4; lastKnownFileType = sourcecode.c.objc; name = AppDelegate.m; path = allicantellyou/AppDelegate.m; sourceTree = "<group>"; };
		13B07FB51A68108700A75B9A /* Images.xcassets */ = {isa = PBXFileReference; lastKnownFileType = folder.assetcatalog; name = Images.xcassets; path = allicantellyou/Images.xcassets; sourceTree = "<group>"; };
		13B07FB61A68108700A75B9A /* Info.plist */ = {isa = PBXFileReference; fileEncoding = 4; lastKnownFileType = text.plist.xml; name = Info.plist; path = allicantellyou/Info.plist; sourceTree = "<group>"; };
		13B07FB71A68108700A75B9A /* main.m */ = {isa = PBXFileReference; fileEncoding = 4; lastKnownFileType = sourcecode.c.objc; name = main.m; path = allicantellyou/main.m; sourceTree = "<group>"; };
		19C14D71307B41E299155655 /* icomoon.ttf */ = {isa = PBXFileReference; explicitFileType = undefined; fileEncoding = 9; includeInIndex = 0; lastKnownFileType = unknown; name = icomoon.ttf; path = ../Assets/Fonts/icomoon.ttf; sourceTree = "<group>"; };
		236E9F2D8EDF4601AF327C0C /* FontAwesome5_Regular.ttf */ = {isa = PBXFileReference; explicitFileType = undefined; fileEncoding = 9; includeInIndex = 0; lastKnownFileType = unknown; name = FontAwesome5_Regular.ttf; path = "../node_modules/react-native-vector-icons/Fonts/FontAwesome5_Regular.ttf"; sourceTree = "<group>"; };
		2D02E47B1E0B4A5D006451C7 /* allicantellyou-tvOS.app */ = {isa = PBXFileReference; explicitFileType = wrapper.application; includeInIndex = 0; path = "allicantellyou-tvOS.app"; sourceTree = BUILT_PRODUCTS_DIR; };
		2D02E4901E0B4A5D006451C7 /* allicantellyou-tvOSTests.xctest */ = {isa = PBXFileReference; explicitFileType = wrapper.cfbundle; includeInIndex = 0; path = "allicantellyou-tvOSTests.xctest"; sourceTree = BUILT_PRODUCTS_DIR; };
		37B8A02C3E9B4FBF8FD83CAA /* Nunito-Bold.ttf */ = {isa = PBXFileReference; explicitFileType = undefined; fileEncoding = 9; includeInIndex = 0; lastKnownFileType = unknown; name = "Nunito-Bold.ttf"; path = "../Assets/Fonts/Nunito-Bold.ttf"; sourceTree = "<group>"; };
		3C3E29AF23462661006F0BD7 /* icomoon.ttf */ = {isa = PBXFileReference; lastKnownFileType = file; path = icomoon.ttf; sourceTree = "<group>"; };
		3C7887EB2350C4AF00FAEEE3 /* allicantellyouDebug.entitlements */ = {isa = PBXFileReference; lastKnownFileType = text.plist.entitlements; name = allicantellyouDebug.entitlements; path = allicantellyou/allicantellyouDebug.entitlements; sourceTree = "<group>"; };
		3C8AB60723A2761000BC15B8 /* Launch Screen.storyboard */ = {isa = PBXFileReference; lastKnownFileType = file.storyboard; path = "Launch Screen.storyboard"; sourceTree = "<group>"; };
		3CA049F4236760140023B19E /* allicantellyou.entitlements */ = {isa = PBXFileReference; lastKnownFileType = text.plist.entitlements; name = allicantellyou.entitlements; path = allicantellyou/allicantellyou.entitlements; sourceTree = "<group>"; };
		414D5F35C4F04B058D89C628 /* FontAwesome5_Brands.ttf */ = {isa = PBXFileReference; explicitFileType = undefined; fileEncoding = 9; includeInIndex = 0; lastKnownFileType = unknown; name = FontAwesome5_Brands.ttf; path = "../node_modules/react-native-vector-icons/Fonts/FontAwesome5_Brands.ttf"; sourceTree = "<group>"; };
		4A283154FD900F4C19EB8BF3 /* Pods-allicantellyouTests.release.xcconfig */ = {isa = PBXFileReference; includeInIndex = 1; lastKnownFileType = text.xcconfig; name = "Pods-allicantellyouTests.release.xcconfig"; path = "Target Support Files/Pods-allicantellyouTests/Pods-allicantellyouTests.release.xcconfig"; sourceTree = "<group>"; };
		4A7CF795B5FB4CD4018770DB /* Pods-allicantellyou-tvOSTests.debug.xcconfig */ = {isa = PBXFileReference; includeInIndex = 1; lastKnownFileType = text.xcconfig; name = "Pods-allicantellyou-tvOSTests.debug.xcconfig"; path = "Target Support Files/Pods-allicantellyou-tvOSTests/Pods-allicantellyou-tvOSTests.debug.xcconfig"; sourceTree = "<group>"; };
		4AEBAF94B2B34DB9BAFEADF8 /* Feather.ttf */ = {isa = PBXFileReference; explicitFileType = undefined; fileEncoding = 9; includeInIndex = 0; lastKnownFileType = unknown; name = Feather.ttf; path = "../node_modules/react-native-vector-icons/Fonts/Feather.ttf"; sourceTree = "<group>"; };
		4DB70CCEEB4A5D41B9EEB8C1 /* libPods-allicantellyou-tvOS.a */ = {isa = PBXFileReference; explicitFileType = archive.ar; includeInIndex = 0; path = "libPods-allicantellyou-tvOS.a"; sourceTree = BUILT_PRODUCTS_DIR; };
		4E86E4582D7CC57194EBC174 /* Pods-allicantellyou.release.xcconfig */ = {isa = PBXFileReference; includeInIndex = 1; lastKnownFileType = text.xcconfig; name = "Pods-allicantellyou.release.xcconfig"; path = "Target Support Files/Pods-allicantellyou/Pods-allicantellyou.release.xcconfig"; sourceTree = "<group>"; };
		506D3B14700442328A887289 /* Octicons.ttf */ = {isa = PBXFileReference; explicitFileType = undefined; fileEncoding = 9; includeInIndex = 0; lastKnownFileType = unknown; name = Octicons.ttf; path = "../node_modules/react-native-vector-icons/Fonts/Octicons.ttf"; sourceTree = "<group>"; };
		56AEAB4826A9488189A1CCF2 /* Nunito-SemiBold.ttf */ = {isa = PBXFileReference; explicitFileType = undefined; fileEncoding = 9; includeInIndex = 0; lastKnownFileType = unknown; name = "Nunito-SemiBold.ttf"; path = "../Assets/Fonts/Nunito-SemiBold.ttf"; sourceTree = "<group>"; };
		5E25EA544FC77AE77D6D564C /* Pods-allicantellyou-tvOSTests.release.xcconfig */ = {isa = PBXFileReference; includeInIndex = 1; lastKnownFileType = text.xcconfig; name = "Pods-allicantellyou-tvOSTests.release.xcconfig"; path = "Target Support Files/Pods-allicantellyou-tvOSTests/Pods-allicantellyou-tvOSTests.release.xcconfig"; sourceTree = "<group>"; };
		674511A2DAB84B1EBD0540DA /* EvilIcons.ttf */ = {isa = PBXFileReference; explicitFileType = undefined; fileEncoding = 9; includeInIndex = 0; lastKnownFileType = unknown; name = EvilIcons.ttf; path = "../node_modules/react-native-vector-icons/Fonts/EvilIcons.ttf"; sourceTree = "<group>"; };
		79E8CB6675ED4E6D9283283E /* Zocial.ttf */ = {isa = PBXFileReference; explicitFileType = undefined; fileEncoding = 9; includeInIndex = 0; lastKnownFileType = unknown; name = Zocial.ttf; path = "../node_modules/react-native-vector-icons/Fonts/Zocial.ttf"; sourceTree = "<group>"; };
		8522E628FCAC4F229B341840 /* FontAwesome.ttf */ = {isa = PBXFileReference; explicitFileType = undefined; fileEncoding = 9; includeInIndex = 0; lastKnownFileType = unknown; name = FontAwesome.ttf; path = "../node_modules/react-native-vector-icons/Fonts/FontAwesome.ttf"; sourceTree = "<group>"; };
		87ACC707BDD14D878EA9417A /* Nunito-ExtraBoldItalic.ttf */ = {isa = PBXFileReference; explicitFileType = undefined; fileEncoding = 9; includeInIndex = 0; lastKnownFileType = unknown; name = "Nunito-ExtraBoldItalic.ttf"; path = "../Assets/Fonts/Nunito-ExtraBoldItalic.ttf"; sourceTree = "<group>"; };
		8BC420A7FDBE4570878C6C35 /* MaterialIcons.ttf */ = {isa = PBXFileReference; explicitFileType = undefined; fileEncoding = 9; includeInIndex = 0; lastKnownFileType = unknown; name = MaterialIcons.ttf; path = "../node_modules/react-native-vector-icons/Fonts/MaterialIcons.ttf"; sourceTree = "<group>"; };
		8DB7A15E4F4E7FA2644BC7EC /* libPods-allicantellyou-tvOSTests.a */ = {isa = PBXFileReference; explicitFileType = archive.ar; includeInIndex = 0; path = "libPods-allicantellyou-tvOSTests.a"; sourceTree = BUILT_PRODUCTS_DIR; };
		9335F77599E44374B8242AF0 /* Fontisto.ttf */ = {isa = PBXFileReference; explicitFileType = undefined; fileEncoding = 9; includeInIndex = 0; lastKnownFileType = unknown; name = Fontisto.ttf; path = "../node_modules/react-native-vector-icons/Fonts/Fontisto.ttf"; sourceTree = "<group>"; };
		A6B3BEE2C18B5B8A6B9AF027 /* Pods-allicantellyou-tvOS.release.xcconfig */ = {isa = PBXFileReference; includeInIndex = 1; lastKnownFileType = text.xcconfig; name = "Pods-allicantellyou-tvOS.release.xcconfig"; path = "Target Support Files/Pods-allicantellyou-tvOS/Pods-allicantellyou-tvOS.release.xcconfig"; sourceTree = "<group>"; };
		AADB669D9CA24A0592CD2F8D /* Ionicons.ttf */ = {isa = PBXFileReference; explicitFileType = undefined; fileEncoding = 9; includeInIndex = 0; lastKnownFileType = unknown; name = Ionicons.ttf; path = "../node_modules/react-native-vector-icons/Fonts/Ionicons.ttf"; sourceTree = "<group>"; };
		AD179CFCE2B541879A9E7349 /* Nunito-Regular.ttf */ = {isa = PBXFileReference; explicitFileType = undefined; fileEncoding = 9; includeInIndex = 0; lastKnownFileType = unknown; name = "Nunito-Regular.ttf"; path = "../Assets/Fonts/Nunito-Regular.ttf"; sourceTree = "<group>"; };
		AEB2CD41B444D8C86E298D90 /* Pods-allicantellyou-tvOS.debug.xcconfig */ = {isa = PBXFileReference; includeInIndex = 1; lastKnownFileType = text.xcconfig; name = "Pods-allicantellyou-tvOS.debug.xcconfig"; path = "Target Support Files/Pods-allicantellyou-tvOS/Pods-allicantellyou-tvOS.debug.xcconfig"; sourceTree = "<group>"; };
		BA0FA134D527D0EB6A11F453 /* Pods-allicantellyouTests.debug.xcconfig */ = {isa = PBXFileReference; includeInIndex = 1; lastKnownFileType = text.xcconfig; name = "Pods-allicantellyouTests.debug.xcconfig"; path = "Target Support Files/Pods-allicantellyouTests/Pods-allicantellyouTests.debug.xcconfig"; sourceTree = "<group>"; };
		C19198D8FBCF46719A1868C4 /* MaterialCommunityIcons.ttf */ = {isa = PBXFileReference; explicitFileType = undefined; fileEncoding = 9; includeInIndex = 0; lastKnownFileType = unknown; name = MaterialCommunityIcons.ttf; path = "../node_modules/react-native-vector-icons/Fonts/MaterialCommunityIcons.ttf"; sourceTree = "<group>"; };
		C2043BD65C87E3AE0AFD7937 /* libPods-allicantellyouTests.a */ = {isa = PBXFileReference; explicitFileType = archive.ar; includeInIndex = 0; path = "libPods-allicantellyouTests.a"; sourceTree = BUILT_PRODUCTS_DIR; };
		C66054C033EA49ADA1FF3F85 /* Nunito-ExtraLightItalic.ttf */ = {isa = PBXFileReference; explicitFileType = undefined; fileEncoding = 9; includeInIndex = 0; lastKnownFileType = unknown; name = "Nunito-ExtraLightItalic.ttf"; path = "../Assets/Fonts/Nunito-ExtraLightItalic.ttf"; sourceTree = "<group>"; };
		C8A6BEF0BFD84B03BAF6F426 /* Nunito-SemiBoldItalic.ttf */ = {isa = PBXFileReference; explicitFileType = undefined; fileEncoding = 9; includeInIndex = 0; lastKnownFileType = unknown; name = "Nunito-SemiBoldItalic.ttf"; path = "../Assets/Fonts/Nunito-SemiBoldItalic.ttf"; sourceTree = "<group>"; };
		CC44AAB7582C4C31A4D5D120 /* Nunito-BoldItalic.ttf */ = {isa = PBXFileReference; explicitFileType = undefined; fileEncoding = 9; includeInIndex = 0; lastKnownFileType = unknown; name = "Nunito-BoldItalic.ttf"; path = "../Assets/Fonts/Nunito-BoldItalic.ttf"; sourceTree = "<group>"; };
		D0DFCEC4BA1448889025B712 /* Nunito-BlackItalic.ttf */ = {isa = PBXFileReference; explicitFileType = undefined; fileEncoding = 9; includeInIndex = 0; lastKnownFileType = unknown; name = "Nunito-BlackItalic.ttf"; path = "../Assets/Fonts/Nunito-BlackItalic.ttf"; sourceTree = "<group>"; };
		D6DE3C4AF83D45D1A046B95B /* Entypo.ttf */ = {isa = PBXFileReference; explicitFileType = undefined; fileEncoding = 9; includeInIndex = 0; lastKnownFileType = unknown; name = Entypo.ttf; path = "../node_modules/react-native-vector-icons/Fonts/Entypo.ttf"; sourceTree = "<group>"; };
		DB10007FE8A745E4AC29E7DB /* Nunito-LightItalic.ttf */ = {isa = PBXFileReference; explicitFileType = undefined; fileEncoding = 9; includeInIndex = 0; lastKnownFileType = unknown; name = "Nunito-LightItalic.ttf"; path = "../Assets/Fonts/Nunito-LightItalic.ttf"; sourceTree = "<group>"; };
		DDC9FB83D2104CCA8D4A8CF6 /* Foundation.ttf */ = {isa = PBXFileReference; explicitFileType = undefined; fileEncoding = 9; includeInIndex = 0; lastKnownFileType = unknown; name = Foundation.ttf; path = "../node_modules/react-native-vector-icons/Fonts/Foundation.ttf"; sourceTree = "<group>"; };
		E34F60979B91B94DA9CAC243 /* libPods-allicantellyou.a */ = {isa = PBXFileReference; explicitFileType = archive.ar; includeInIndex = 0; path = "libPods-allicantellyou.a"; sourceTree = BUILT_PRODUCTS_DIR; };
		E487817189EA43749529ECC6 /* Nunito-Light.ttf */ = {isa = PBXFileReference; explicitFileType = undefined; fileEncoding = 9; includeInIndex = 0; lastKnownFileType = unknown; name = "Nunito-Light.ttf"; path = "../Assets/Fonts/Nunito-Light.ttf"; sourceTree = "<group>"; };
		EC0D8E0F7A104DA6B5A6C261 /* FontAwesome5_Solid.ttf */ = {isa = PBXFileReference; explicitFileType = undefined; fileEncoding = 9; includeInIndex = 0; lastKnownFileType = unknown; name = FontAwesome5_Solid.ttf; path = "../node_modules/react-native-vector-icons/Fonts/FontAwesome5_Solid.ttf"; sourceTree = "<group>"; };
		ED297162215061F000B7C4FE /* JavaScriptCore.framework */ = {isa = PBXFileReference; lastKnownFileType = wrapper.framework; name = JavaScriptCore.framework; path = System/Library/Frameworks/JavaScriptCore.framework; sourceTree = SDKROOT; };
		ED2971642150620600B7C4FE /* JavaScriptCore.framework */ = {isa = PBXFileReference; lastKnownFileType = wrapper.framework; name = JavaScriptCore.framework; path = Platforms/AppleTVOS.platform/Developer/SDKs/AppleTVOS12.0.sdk/System/Library/Frameworks/JavaScriptCore.framework; sourceTree = DEVELOPER_DIR; };
		F7710A2F9E8640EBA86C5ECA /* Nunito-Italic.ttf */ = {isa = PBXFileReference; explicitFileType = undefined; fileEncoding = 9; includeInIndex = 0; lastKnownFileType = unknown; name = "Nunito-Italic.ttf"; path = "../Assets/Fonts/Nunito-Italic.ttf"; sourceTree = "<group>"; };
		F88FCD8EA91D4DBC89262217 /* AntDesign.ttf */ = {isa = PBXFileReference; explicitFileType = undefined; fileEncoding = 9; includeInIndex = 0; lastKnownFileType = unknown; name = AntDesign.ttf; path = "../node_modules/react-native-vector-icons/Fonts/AntDesign.ttf"; sourceTree = "<group>"; };
/* End PBXFileReference section */

/* Begin PBXFrameworksBuildPhase section */
		00E356EB1AD99517003FC87E /* Frameworks */ = {
			isa = PBXFrameworksBuildPhase;
			buildActionMask = 2147483647;
			files = (
				D76F327E84C6F7E525AD56A8 /* libPods-allicantellyouTests.a in Frameworks */,
			);
			runOnlyForDeploymentPostprocessing = 0;
		};
		13B07F8C1A680F5B00A75B9A /* Frameworks */ = {
			isa = PBXFrameworksBuildPhase;
			buildActionMask = 2147483647;
			files = (
				DD4F71E2ED4190113403381B /* libPods-allicantellyou.a in Frameworks */,
			);
			runOnlyForDeploymentPostprocessing = 0;
		};
		2D02E4781E0B4A5D006451C7 /* Frameworks */ = {
			isa = PBXFrameworksBuildPhase;
			buildActionMask = 2147483647;
			files = (
				8327A4472D846C93CE72DC56 /* libPods-allicantellyou-tvOS.a in Frameworks */,
			);
			runOnlyForDeploymentPostprocessing = 0;
		};
		2D02E48D1E0B4A5D006451C7 /* Frameworks */ = {
			isa = PBXFrameworksBuildPhase;
			buildActionMask = 2147483647;
			files = (
				0CFFD7320D0FF20DFC869FA1 /* libPods-allicantellyou-tvOSTests.a in Frameworks */,
			);
			runOnlyForDeploymentPostprocessing = 0;
		};
/* End PBXFrameworksBuildPhase section */

/* Begin PBXGroup section */
		00E356EF1AD99517003FC87E /* allicantellyouTests */ = {
			isa = PBXGroup;
			children = (
				00E356F21AD99517003FC87E /* allicantellyouTests.m */,
				00E356F01AD99517003FC87E /* Supporting Files */,
			);
			path = allicantellyouTests;
			sourceTree = "<group>";
		};
		00E356F01AD99517003FC87E /* Supporting Files */ = {
			isa = PBXGroup;
			children = (
				00E356F11AD99517003FC87E /* Info.plist */,
			);
			name = "Supporting Files";
			sourceTree = "<group>";
		};
		13B07FAE1A68108700A75B9A /* allicantellyou */ = {
			isa = PBXGroup;
			children = (
				3CA049F4236760140023B19E /* allicantellyou.entitlements */,
				3C7887EB2350C4AF00FAEEE3 /* allicantellyouDebug.entitlements */,
				008F07F21AC5B25A0029DE68 /* main.jsbundle */,
				13B07FAF1A68108700A75B9A /* AppDelegate.h */,
				13B07FB01A68108700A75B9A /* AppDelegate.m */,
				13B07FB51A68108700A75B9A /* Images.xcassets */,
				13B07FB61A68108700A75B9A /* Info.plist */,
				13B07FB71A68108700A75B9A /* main.m */,
				3C8AB60723A2761000BC15B8 /* Launch Screen.storyboard */,
			);
			name = allicantellyou;
			sourceTree = "<group>";
		};
		2D16E6871FA4F8E400B85C8A /* Frameworks */ = {
			isa = PBXGroup;
			children = (
				ED297162215061F000B7C4FE /* JavaScriptCore.framework */,
				ED2971642150620600B7C4FE /* JavaScriptCore.framework */,
				E34F60979B91B94DA9CAC243 /* libPods-allicantellyou.a */,
				4DB70CCEEB4A5D41B9EEB8C1 /* libPods-allicantellyou-tvOS.a */,
				8DB7A15E4F4E7FA2644BC7EC /* libPods-allicantellyou-tvOSTests.a */,
				C2043BD65C87E3AE0AFD7937 /* libPods-allicantellyouTests.a */,
			);
			name = Frameworks;
			sourceTree = "<group>";
		};
		832341AE1AAA6A7D00B99B32 /* Libraries */ = {
			isa = PBXGroup;
			children = (
			);
			name = Libraries;
			sourceTree = "<group>";
		};
		83CBB9F61A601CBA00E9B192 = {
			isa = PBXGroup;
			children = (
				13B07FAE1A68108700A75B9A /* allicantellyou */,
				832341AE1AAA6A7D00B99B32 /* Libraries */,
				00E356EF1AD99517003FC87E /* allicantellyouTests */,
				83CBBA001A601CBA00E9B192 /* Products */,
				2D16E6871FA4F8E400B85C8A /* Frameworks */,
				E66A516FD257EE17E3AFF8B9 /* Pods */,
				C330AAA351FF48749228C7E6 /* Resources */,
			);
			indentWidth = 2;
			sourceTree = "<group>";
			tabWidth = 2;
			usesTabs = 0;
		};
		83CBBA001A601CBA00E9B192 /* Products */ = {
			isa = PBXGroup;
			children = (
				13B07F961A680F5B00A75B9A /* allicantellyou.app */,
				00E356EE1AD99517003FC87E /* allicantellyouTests.xctest */,
				2D02E47B1E0B4A5D006451C7 /* allicantellyou-tvOS.app */,
				2D02E4901E0B4A5D006451C7 /* allicantellyou-tvOSTests.xctest */,
			);
			name = Products;
			sourceTree = "<group>";
		};
		C330AAA351FF48749228C7E6 /* Resources */ = {
			isa = PBXGroup;
			children = (
				0E3F08E69E7C48AEAD0B0C40 /* Nunito-Black.ttf */,
				D0DFCEC4BA1448889025B712 /* Nunito-BlackItalic.ttf */,
				3C3E29AF23462661006F0BD7 /* icomoon.ttf */,
				37B8A02C3E9B4FBF8FD83CAA /* Nunito-Bold.ttf */,
				CC44AAB7582C4C31A4D5D120 /* Nunito-BoldItalic.ttf */,
				095DE474394240179A664FED /* Nunito-ExtraBold.ttf */,
				87ACC707BDD14D878EA9417A /* Nunito-ExtraBoldItalic.ttf */,
				03E7085F566A4E18AA05956C /* Nunito-ExtraLight.ttf */,
				C66054C033EA49ADA1FF3F85 /* Nunito-ExtraLightItalic.ttf */,
				F7710A2F9E8640EBA86C5ECA /* Nunito-Italic.ttf */,
				E487817189EA43749529ECC6 /* Nunito-Light.ttf */,
				DB10007FE8A745E4AC29E7DB /* Nunito-LightItalic.ttf */,
				AD179CFCE2B541879A9E7349 /* Nunito-Regular.ttf */,
				56AEAB4826A9488189A1CCF2 /* Nunito-SemiBold.ttf */,
				C8A6BEF0BFD84B03BAF6F426 /* Nunito-SemiBoldItalic.ttf */,
				19C14D71307B41E299155655 /* icomoon.ttf */,
				F88FCD8EA91D4DBC89262217 /* AntDesign.ttf */,
				D6DE3C4AF83D45D1A046B95B /* Entypo.ttf */,
				674511A2DAB84B1EBD0540DA /* EvilIcons.ttf */,
				4AEBAF94B2B34DB9BAFEADF8 /* Feather.ttf */,
				8522E628FCAC4F229B341840 /* FontAwesome.ttf */,
				414D5F35C4F04B058D89C628 /* FontAwesome5_Brands.ttf */,
				236E9F2D8EDF4601AF327C0C /* FontAwesome5_Regular.ttf */,
				EC0D8E0F7A104DA6B5A6C261 /* FontAwesome5_Solid.ttf */,
				9335F77599E44374B8242AF0 /* Fontisto.ttf */,
				DDC9FB83D2104CCA8D4A8CF6 /* Foundation.ttf */,
				AADB669D9CA24A0592CD2F8D /* Ionicons.ttf */,
				C19198D8FBCF46719A1868C4 /* MaterialCommunityIcons.ttf */,
				8BC420A7FDBE4570878C6C35 /* MaterialIcons.ttf */,
				506D3B14700442328A887289 /* Octicons.ttf */,
				07293C08DD5F450684DD62ED /* SimpleLineIcons.ttf */,
				79E8CB6675ED4E6D9283283E /* Zocial.ttf */,
			);
			name = Resources;
			sourceTree = "<group>";
		};
		E66A516FD257EE17E3AFF8B9 /* Pods */ = {
			isa = PBXGroup;
			children = (
				0BBBCC96B3ABAD1BD01C6D39 /* Pods-allicantellyou.debug.xcconfig */,
				4E86E4582D7CC57194EBC174 /* Pods-allicantellyou.release.xcconfig */,
				AEB2CD41B444D8C86E298D90 /* Pods-allicantellyou-tvOS.debug.xcconfig */,
				A6B3BEE2C18B5B8A6B9AF027 /* Pods-allicantellyou-tvOS.release.xcconfig */,
				4A7CF795B5FB4CD4018770DB /* Pods-allicantellyou-tvOSTests.debug.xcconfig */,
				5E25EA544FC77AE77D6D564C /* Pods-allicantellyou-tvOSTests.release.xcconfig */,
				BA0FA134D527D0EB6A11F453 /* Pods-allicantellyouTests.debug.xcconfig */,
				4A283154FD900F4C19EB8BF3 /* Pods-allicantellyouTests.release.xcconfig */,
			);
			path = Pods;
			sourceTree = "<group>";
		};
/* End PBXGroup section */

/* Begin PBXNativeTarget section */
		00E356ED1AD99517003FC87E /* allicantellyouTests */ = {
			isa = PBXNativeTarget;
			buildConfigurationList = 00E357021AD99517003FC87E /* Build configuration list for PBXNativeTarget "allicantellyouTests" */;
			buildPhases = (
				AE67FC58F633B021674FCF1F /* [CP] Check Pods Manifest.lock */,
				00E356EA1AD99517003FC87E /* Sources */,
				00E356EB1AD99517003FC87E /* Frameworks */,
				00E356EC1AD99517003FC87E /* Resources */,
			);
			buildRules = (
			);
			dependencies = (
				00E356F51AD99517003FC87E /* PBXTargetDependency */,
			);
			name = allicantellyouTests;
			productName = allicantellyouTests;
			productReference = 00E356EE1AD99517003FC87E /* allicantellyouTests.xctest */;
			productType = "com.apple.product-type.bundle.unit-test";
		};
		13B07F861A680F5B00A75B9A /* allicantellyou */ = {
			isa = PBXNativeTarget;
			buildConfigurationList = 13B07F931A680F5B00A75B9A /* Build configuration list for PBXNativeTarget "allicantellyou" */;
			buildPhases = (
				E317C05401F2753493F194CD /* [CP] Check Pods Manifest.lock */,
				FD10A7F022414F080027D42C /* Start Packager */,
				13B07F871A680F5B00A75B9A /* Sources */,
				13B07F8C1A680F5B00A75B9A /* Frameworks */,
				13B07F8E1A680F5B00A75B9A /* Resources */,
				00DD1BFF1BD5951E006B06BC /* Bundle React Native code and images */,
				18D0EB4C758EFA55B048803F /* [CP] Copy Pods Resources */,
			);
			buildRules = (
			);
			dependencies = (
			);
			name = allicantellyou;
			productName = allicantellyou;
			productReference = 13B07F961A680F5B00A75B9A /* allicantellyou.app */;
			productType = "com.apple.product-type.application";
		};
		2D02E47A1E0B4A5D006451C7 /* allicantellyou-tvOS */ = {
			isa = PBXNativeTarget;
			buildConfigurationList = 2D02E4BA1E0B4A5E006451C7 /* Build configuration list for PBXNativeTarget "allicantellyou-tvOS" */;
			buildPhases = (
				FC0AA6D44D028169C9EF2B93 /* [CP] Check Pods Manifest.lock */,
				FD10A7F122414F3F0027D42C /* Start Packager */,
				2D02E4771E0B4A5D006451C7 /* Sources */,
				2D02E4781E0B4A5D006451C7 /* Frameworks */,
				2D02E4791E0B4A5D006451C7 /* Resources */,
				2D02E4CB1E0B4B27006451C7 /* Bundle React Native Code And Images */,
			);
			buildRules = (
			);
			dependencies = (
			);
			name = "allicantellyou-tvOS";
			productName = "allicantellyou-tvOS";
			productReference = 2D02E47B1E0B4A5D006451C7 /* allicantellyou-tvOS.app */;
			productType = "com.apple.product-type.application";
		};
		2D02E48F1E0B4A5D006451C7 /* allicantellyou-tvOSTests */ = {
			isa = PBXNativeTarget;
			buildConfigurationList = 2D02E4BB1E0B4A5E006451C7 /* Build configuration list for PBXNativeTarget "allicantellyou-tvOSTests" */;
			buildPhases = (
				841DA45F4793CD853B96C057 /* [CP] Check Pods Manifest.lock */,
				2D02E48C1E0B4A5D006451C7 /* Sources */,
				2D02E48D1E0B4A5D006451C7 /* Frameworks */,
				2D02E48E1E0B4A5D006451C7 /* Resources */,
			);
			buildRules = (
			);
			dependencies = (
				2D02E4921E0B4A5D006451C7 /* PBXTargetDependency */,
			);
			name = "allicantellyou-tvOSTests";
			productName = "allicantellyou-tvOSTests";
			productReference = 2D02E4901E0B4A5D006451C7 /* allicantellyou-tvOSTests.xctest */;
			productType = "com.apple.product-type.bundle.unit-test";
		};
/* End PBXNativeTarget section */

/* Begin PBXProject section */
		83CBB9F71A601CBA00E9B192 /* Project object */ = {
			isa = PBXProject;
			attributes = {
				LastUpgradeCheck = 940;
				ORGANIZATIONNAME = Facebook;
				TargetAttributes = {
					00E356ED1AD99517003FC87E = {
						CreatedOnToolsVersion = 6.2;
						DevelopmentTeam = 76WFN78P49;
						TestTargetID = 13B07F861A680F5B00A75B9A;
					};
					13B07F861A680F5B00A75B9A = {
						DevelopmentTeam = 7XP2UFQ768;
					};
					2D02E47A1E0B4A5D006451C7 = {
						CreatedOnToolsVersion = 8.2.1;
						ProvisioningStyle = Automatic;
					};
					2D02E48F1E0B4A5D006451C7 = {
						CreatedOnToolsVersion = 8.2.1;
						ProvisioningStyle = Automatic;
						TestTargetID = 2D02E47A1E0B4A5D006451C7;
					};
				};
			};
			buildConfigurationList = 83CBB9FA1A601CBA00E9B192 /* Build configuration list for PBXProject "allicantellyou" */;
			compatibilityVersion = "Xcode 3.2";
			developmentRegion = English;
			hasScannedForEncodings = 0;
			knownRegions = (
				English,
				en,
				Base,
			);
			mainGroup = 83CBB9F61A601CBA00E9B192;
			productRefGroup = 83CBBA001A601CBA00E9B192 /* Products */;
			projectDirPath = "";
			projectRoot = "";
			targets = (
				13B07F861A680F5B00A75B9A /* allicantellyou */,
				00E356ED1AD99517003FC87E /* allicantellyouTests */,
				2D02E47A1E0B4A5D006451C7 /* allicantellyou-tvOS */,
				2D02E48F1E0B4A5D006451C7 /* allicantellyou-tvOSTests */,
			);
		};
/* End PBXProject section */

/* Begin PBXResourcesBuildPhase section */
		00E356EC1AD99517003FC87E /* Resources */ = {
			isa = PBXResourcesBuildPhase;
			buildActionMask = 2147483647;
			files = (
			);
			runOnlyForDeploymentPostprocessing = 0;
		};
		13B07F8E1A680F5B00A75B9A /* Resources */ = {
			isa = PBXResourcesBuildPhase;
			buildActionMask = 2147483647;
			files = (
				13B07FBF1A68108700A75B9A /* Images.xcassets in Resources */,
				3C8AB60823A2761000BC15B8 /* Launch Screen.storyboard in Resources */,
				6324DD1080EA4F7BAA70769F /* Nunito-Black.ttf in Resources */,
				12C6B0F8DCCF4CD09D9700B1 /* Nunito-BlackItalic.ttf in Resources */,
				D1AB70CE9D0A4133A5A93161 /* Nunito-Bold.ttf in Resources */,
				975D2409344645F0800278F0 /* Nunito-BoldItalic.ttf in Resources */,
				4DB970F5003649639BDF3803 /* Nunito-ExtraBold.ttf in Resources */,
				02CE3E8FE24B45249B996D12 /* Nunito-ExtraBoldItalic.ttf in Resources */,
				6588B5E402784EE49CBF36FA /* Nunito-ExtraLight.ttf in Resources */,
				9162E1775A5A4F2BAB8C7D1A /* Nunito-ExtraLightItalic.ttf in Resources */,
				0D1EEDC75BB1488CA45E7837 /* Nunito-Italic.ttf in Resources */,
				A7225C78A75F4467B79D0BBC /* Nunito-Light.ttf in Resources */,
				A3ADF030C6D844799487474B /* Nunito-LightItalic.ttf in Resources */,
				5F56D2CCFC3E4677BD887AB9 /* Nunito-Regular.ttf in Resources */,
				91D7D40333FC4698B5859D6C /* Nunito-SemiBold.ttf in Resources */,
				FF28CEF06EB6400080B76A07 /* Nunito-SemiBoldItalic.ttf in Resources */,
				73BC6CBE39774AE2AC2E93FC /* icomoon.ttf in Resources */,
				EB6033D74F944CF6AC39FF13 /* AntDesign.ttf in Resources */,
				7079B46806C141A1A822E4BD /* Entypo.ttf in Resources */,
				8FB0AFE9BAF64A748EDD2EA1 /* EvilIcons.ttf in Resources */,
				A5D4DC6DB4FF433B88C83C32 /* Feather.ttf in Resources */,
				3F681337CA5D486894BE4DD3 /* FontAwesome.ttf in Resources */,
				C3C19FF7DD6F47A09C074DA2 /* FontAwesome5_Brands.ttf in Resources */,
				E769EBA707814E33A95786C3 /* FontAwesome5_Regular.ttf in Resources */,
				F0363B79921D4EF5A4DDDDD3 /* FontAwesome5_Solid.ttf in Resources */,
				65B630A8B8D04EFFABB28ABE /* Fontisto.ttf in Resources */,
				12C7F5524FA149A998EEE683 /* Foundation.ttf in Resources */,
				724E193A5E1B40BFB0BA8984 /* Ionicons.ttf in Resources */,
				093F94CBF6D94C1F9557AEC5 /* MaterialCommunityIcons.ttf in Resources */,
				C2ADB6AF693144AF8D40FE51 /* MaterialIcons.ttf in Resources */,
				0676BA089DB249019E17AF84 /* Octicons.ttf in Resources */,
				CD498F3D8EE24D8CAB0FDC5D /* SimpleLineIcons.ttf in Resources */,
				199030FE743E49B2B9119F20 /* Zocial.ttf in Resources */,
			);
			runOnlyForDeploymentPostprocessing = 0;
		};
		2D02E4791E0B4A5D006451C7 /* Resources */ = {
			isa = PBXResourcesBuildPhase;
			buildActionMask = 2147483647;
			files = (
				2D02E4BD1E0B4A84006451C7 /* Images.xcassets in Resources */,
			);
			runOnlyForDeploymentPostprocessing = 0;
		};
		2D02E48E1E0B4A5D006451C7 /* Resources */ = {
			isa = PBXResourcesBuildPhase;
			buildActionMask = 2147483647;
			files = (
			);
			runOnlyForDeploymentPostprocessing = 0;
		};
/* End PBXResourcesBuildPhase section */

/* Begin PBXShellScriptBuildPhase section */
		00DD1BFF1BD5951E006B06BC /* Bundle React Native code and images */ = {
			isa = PBXShellScriptBuildPhase;
			buildActionMask = 2147483647;
			files = (
			);
			inputPaths = (
			);
			name = "Bundle React Native code and images";
			outputPaths = (
			);
			runOnlyForDeploymentPostprocessing = 0;
			shellPath = /bin/sh;
			shellScript = "export NODE_BINARY=node\n../node_modules/react-native/scripts/react-native-xcode.sh";
		};
		18D0EB4C758EFA55B048803F /* [CP] Copy Pods Resources */ = {
			isa = PBXShellScriptBuildPhase;
			buildActionMask = 2147483647;
			files = (
			);
			inputPaths = (
				"${PODS_ROOT}/Target Support Files/Pods-allicantellyou/Pods-allicantellyou-resources.sh",
				"${PODS_ROOT}/../../node_modules/react-native-vector-icons/Fonts/AntDesign.ttf",
				"${PODS_ROOT}/../../node_modules/react-native-vector-icons/Fonts/Entypo.ttf",
				"${PODS_ROOT}/../../node_modules/react-native-vector-icons/Fonts/EvilIcons.ttf",
				"${PODS_ROOT}/../../node_modules/react-native-vector-icons/Fonts/Feather.ttf",
				"${PODS_ROOT}/../../node_modules/react-native-vector-icons/Fonts/FontAwesome.ttf",
				"${PODS_ROOT}/../../node_modules/react-native-vector-icons/Fonts/FontAwesome5_Brands.ttf",
				"${PODS_ROOT}/../../node_modules/react-native-vector-icons/Fonts/FontAwesome5_Regular.ttf",
				"${PODS_ROOT}/../../node_modules/react-native-vector-icons/Fonts/FontAwesome5_Solid.ttf",
				"${PODS_ROOT}/../../node_modules/react-native-vector-icons/Fonts/Fontisto.ttf",
				"${PODS_ROOT}/../../node_modules/react-native-vector-icons/Fonts/Foundation.ttf",
				"${PODS_ROOT}/../../node_modules/react-native-vector-icons/Fonts/Ionicons.ttf",
				"${PODS_ROOT}/../../node_modules/react-native-vector-icons/Fonts/MaterialCommunityIcons.ttf",
				"${PODS_ROOT}/../../node_modules/react-native-vector-icons/Fonts/MaterialIcons.ttf",
				"${PODS_ROOT}/../../node_modules/react-native-vector-icons/Fonts/Octicons.ttf",
				"${PODS_ROOT}/../../node_modules/react-native-vector-icons/Fonts/SimpleLineIcons.ttf",
				"${PODS_ROOT}/../../node_modules/react-native-vector-icons/Fonts/Zocial.ttf",
			);
			name = "[CP] Copy Pods Resources";
			outputPaths = (
				"${TARGET_BUILD_DIR}/${UNLOCALIZED_RESOURCES_FOLDER_PATH}/AntDesign.ttf",
				"${TARGET_BUILD_DIR}/${UNLOCALIZED_RESOURCES_FOLDER_PATH}/Entypo.ttf",
				"${TARGET_BUILD_DIR}/${UNLOCALIZED_RESOURCES_FOLDER_PATH}/EvilIcons.ttf",
				"${TARGET_BUILD_DIR}/${UNLOCALIZED_RESOURCES_FOLDER_PATH}/Feather.ttf",
				"${TARGET_BUILD_DIR}/${UNLOCALIZED_RESOURCES_FOLDER_PATH}/FontAwesome.ttf",
				"${TARGET_BUILD_DIR}/${UNLOCALIZED_RESOURCES_FOLDER_PATH}/FontAwesome5_Brands.ttf",
				"${TARGET_BUILD_DIR}/${UNLOCALIZED_RESOURCES_FOLDER_PATH}/FontAwesome5_Regular.ttf",
				"${TARGET_BUILD_DIR}/${UNLOCALIZED_RESOURCES_FOLDER_PATH}/FontAwesome5_Solid.ttf",
				"${TARGET_BUILD_DIR}/${UNLOCALIZED_RESOURCES_FOLDER_PATH}/Fontisto.ttf",
				"${TARGET_BUILD_DIR}/${UNLOCALIZED_RESOURCES_FOLDER_PATH}/Foundation.ttf",
				"${TARGET_BUILD_DIR}/${UNLOCALIZED_RESOURCES_FOLDER_PATH}/Ionicons.ttf",
				"${TARGET_BUILD_DIR}/${UNLOCALIZED_RESOURCES_FOLDER_PATH}/MaterialCommunityIcons.ttf",
				"${TARGET_BUILD_DIR}/${UNLOCALIZED_RESOURCES_FOLDER_PATH}/MaterialIcons.ttf",
				"${TARGET_BUILD_DIR}/${UNLOCALIZED_RESOURCES_FOLDER_PATH}/Octicons.ttf",
				"${TARGET_BUILD_DIR}/${UNLOCALIZED_RESOURCES_FOLDER_PATH}/SimpleLineIcons.ttf",
				"${TARGET_BUILD_DIR}/${UNLOCALIZED_RESOURCES_FOLDER_PATH}/Zocial.ttf",
			);
			runOnlyForDeploymentPostprocessing = 0;
			shellPath = /bin/sh;
			shellScript = "\"${PODS_ROOT}/Target Support Files/Pods-allicantellyou/Pods-allicantellyou-resources.sh\"\n";
			showEnvVarsInLog = 0;
		};
		2D02E4CB1E0B4B27006451C7 /* Bundle React Native Code And Images */ = {
			isa = PBXShellScriptBuildPhase;
			buildActionMask = 2147483647;
			files = (
			);
			inputPaths = (
			);
			name = "Bundle React Native Code And Images";
			outputPaths = (
			);
			runOnlyForDeploymentPostprocessing = 0;
			shellPath = /bin/sh;
			shellScript = "export NODE_BINARY=node\n../node_modules/react-native/scripts/react-native-xcode.sh";
		};
		841DA45F4793CD853B96C057 /* [CP] Check Pods Manifest.lock */ = {
			isa = PBXShellScriptBuildPhase;
			buildActionMask = 2147483647;
			files = (
			);
			inputFileListPaths = (
			);
			inputPaths = (
				"${PODS_PODFILE_DIR_PATH}/Podfile.lock",
				"${PODS_ROOT}/Manifest.lock",
			);
			name = "[CP] Check Pods Manifest.lock";
			outputFileListPaths = (
			);
			outputPaths = (
				"$(DERIVED_FILE_DIR)/Pods-allicantellyou-tvOSTests-checkManifestLockResult.txt",
			);
			runOnlyForDeploymentPostprocessing = 0;
			shellPath = /bin/sh;
			shellScript = "diff \"${PODS_PODFILE_DIR_PATH}/Podfile.lock\" \"${PODS_ROOT}/Manifest.lock\" > /dev/null\nif [ $? != 0 ] ; then\n    # print error to STDERR\n    echo \"error: The sandbox is not in sync with the Podfile.lock. Run 'pod install' or update your CocoaPods installation.\" >&2\n    exit 1\nfi\n# This output is used by Xcode 'outputs' to avoid re-running this script phase.\necho \"SUCCESS\" > \"${SCRIPT_OUTPUT_FILE_0}\"\n";
			showEnvVarsInLog = 0;
		};
		AE67FC58F633B021674FCF1F /* [CP] Check Pods Manifest.lock */ = {
			isa = PBXShellScriptBuildPhase;
			buildActionMask = 2147483647;
			files = (
			);
			inputFileListPaths = (
			);
			inputPaths = (
				"${PODS_PODFILE_DIR_PATH}/Podfile.lock",
				"${PODS_ROOT}/Manifest.lock",
			);
			name = "[CP] Check Pods Manifest.lock";
			outputFileListPaths = (
			);
			outputPaths = (
				"$(DERIVED_FILE_DIR)/Pods-allicantellyouTests-checkManifestLockResult.txt",
			);
			runOnlyForDeploymentPostprocessing = 0;
			shellPath = /bin/sh;
			shellScript = "diff \"${PODS_PODFILE_DIR_PATH}/Podfile.lock\" \"${PODS_ROOT}/Manifest.lock\" > /dev/null\nif [ $? != 0 ] ; then\n    # print error to STDERR\n    echo \"error: The sandbox is not in sync with the Podfile.lock. Run 'pod install' or update your CocoaPods installation.\" >&2\n    exit 1\nfi\n# This output is used by Xcode 'outputs' to avoid re-running this script phase.\necho \"SUCCESS\" > \"${SCRIPT_OUTPUT_FILE_0}\"\n";
			showEnvVarsInLog = 0;
		};
		E317C05401F2753493F194CD /* [CP] Check Pods Manifest.lock */ = {
			isa = PBXShellScriptBuildPhase;
			buildActionMask = 2147483647;
			files = (
			);
			inputFileListPaths = (
			);
			inputPaths = (
				"${PODS_PODFILE_DIR_PATH}/Podfile.lock",
				"${PODS_ROOT}/Manifest.lock",
			);
			name = "[CP] Check Pods Manifest.lock";
			outputFileListPaths = (
			);
			outputPaths = (
				"$(DERIVED_FILE_DIR)/Pods-allicantellyou-checkManifestLockResult.txt",
			);
			runOnlyForDeploymentPostprocessing = 0;
			shellPath = /bin/sh;
			shellScript = "diff \"${PODS_PODFILE_DIR_PATH}/Podfile.lock\" \"${PODS_ROOT}/Manifest.lock\" > /dev/null\nif [ $? != 0 ] ; then\n    # print error to STDERR\n    echo \"error: The sandbox is not in sync with the Podfile.lock. Run 'pod install' or update your CocoaPods installation.\" >&2\n    exit 1\nfi\n# This output is used by Xcode 'outputs' to avoid re-running this script phase.\necho \"SUCCESS\" > \"${SCRIPT_OUTPUT_FILE_0}\"\n";
			showEnvVarsInLog = 0;
		};
		FC0AA6D44D028169C9EF2B93 /* [CP] Check Pods Manifest.lock */ = {
			isa = PBXShellScriptBuildPhase;
			buildActionMask = 2147483647;
			files = (
			);
			inputFileListPaths = (
			);
			inputPaths = (
				"${PODS_PODFILE_DIR_PATH}/Podfile.lock",
				"${PODS_ROOT}/Manifest.lock",
			);
			name = "[CP] Check Pods Manifest.lock";
			outputFileListPaths = (
			);
			outputPaths = (
				"$(DERIVED_FILE_DIR)/Pods-allicantellyou-tvOS-checkManifestLockResult.txt",
			);
			runOnlyForDeploymentPostprocessing = 0;
			shellPath = /bin/sh;
			shellScript = "diff \"${PODS_PODFILE_DIR_PATH}/Podfile.lock\" \"${PODS_ROOT}/Manifest.lock\" > /dev/null\nif [ $? != 0 ] ; then\n    # print error to STDERR\n    echo \"error: The sandbox is not in sync with the Podfile.lock. Run 'pod install' or update your CocoaPods installation.\" >&2\n    exit 1\nfi\n# This output is used by Xcode 'outputs' to avoid re-running this script phase.\necho \"SUCCESS\" > \"${SCRIPT_OUTPUT_FILE_0}\"\n";
			showEnvVarsInLog = 0;
		};
		FD10A7F022414F080027D42C /* Start Packager */ = {
			isa = PBXShellScriptBuildPhase;
			buildActionMask = 2147483647;
			files = (
			);
			inputFileListPaths = (
			);
			inputPaths = (
			);
			name = "Start Packager";
			outputFileListPaths = (
			);
			outputPaths = (
			);
			runOnlyForDeploymentPostprocessing = 0;
			shellPath = /bin/sh;
			shellScript = "export RCT_METRO_PORT=\"${RCT_METRO_PORT:=8081}\"\necho \"export RCT_METRO_PORT=${RCT_METRO_PORT}\" > \"${SRCROOT}/../node_modules/react-native/scripts/.packager.env\"\nif [ -z \"${RCT_NO_LAUNCH_PACKAGER+xxx}\" ] ; then\n  if nc -w 5 -z localhost ${RCT_METRO_PORT} ; then\n    if ! curl -s \"http://localhost:${RCT_METRO_PORT}/status\" | grep -q \"packager-status:running\" ; then\n      echo \"Port ${RCT_METRO_PORT} already in use, packager is either not running or not running correctly\"\n      exit 2\n    fi\n  else\n    open \"$SRCROOT/../node_modules/react-native/scripts/launchPackager.command\" || echo \"Can't start packager automatically\"\n  fi\nfi\n";
			showEnvVarsInLog = 0;
		};
		FD10A7F122414F3F0027D42C /* Start Packager */ = {
			isa = PBXShellScriptBuildPhase;
			buildActionMask = 2147483647;
			files = (
			);
			inputFileListPaths = (
			);
			inputPaths = (
			);
			name = "Start Packager";
			outputFileListPaths = (
			);
			outputPaths = (
			);
			runOnlyForDeploymentPostprocessing = 0;
			shellPath = /bin/sh;
			shellScript = "export RCT_METRO_PORT=\"${RCT_METRO_PORT:=8081}\"\necho \"export RCT_METRO_PORT=${RCT_METRO_PORT}\" > \"${SRCROOT}/../node_modules/react-native/scripts/.packager.env\"\nif [ -z \"${RCT_NO_LAUNCH_PACKAGER+xxx}\" ] ; then\n  if nc -w 5 -z localhost ${RCT_METRO_PORT} ; then\n    if ! curl -s \"http://localhost:${RCT_METRO_PORT}/status\" | grep -q \"packager-status:running\" ; then\n      echo \"Port ${RCT_METRO_PORT} already in use, packager is either not running or not running correctly\"\n      exit 2\n    fi\n  else\n    open \"$SRCROOT/../node_modules/react-native/scripts/launchPackager.command\" || echo \"Can't start packager automatically\"\n  fi\nfi\n";
			showEnvVarsInLog = 0;
		};
/* End PBXShellScriptBuildPhase section */

/* Begin PBXSourcesBuildPhase section */
		00E356EA1AD99517003FC87E /* Sources */ = {
			isa = PBXSourcesBuildPhase;
			buildActionMask = 2147483647;
			files = (
				00E356F31AD99517003FC87E /* allicantellyouTests.m in Sources */,
			);
			runOnlyForDeploymentPostprocessing = 0;
		};
		13B07F871A680F5B00A75B9A /* Sources */ = {
			isa = PBXSourcesBuildPhase;
			buildActionMask = 2147483647;
			files = (
				13B07FBC1A68108700A75B9A /* AppDelegate.m in Sources */,
				13B07FC11A68108700A75B9A /* main.m in Sources */,
			);
			runOnlyForDeploymentPostprocessing = 0;
		};
		2D02E4771E0B4A5D006451C7 /* Sources */ = {
			isa = PBXSourcesBuildPhase;
			buildActionMask = 2147483647;
			files = (
				2D02E4BF1E0B4AB3006451C7 /* main.m in Sources */,
				2D02E4BC1E0B4A80006451C7 /* AppDelegate.m in Sources */,
			);
			runOnlyForDeploymentPostprocessing = 0;
		};
		2D02E48C1E0B4A5D006451C7 /* Sources */ = {
			isa = PBXSourcesBuildPhase;
			buildActionMask = 2147483647;
			files = (
				2DCD954D1E0B4F2C00145EB5 /* allicantellyouTests.m in Sources */,
			);
			runOnlyForDeploymentPostprocessing = 0;
		};
/* End PBXSourcesBuildPhase section */

/* Begin PBXTargetDependency section */
		00E356F51AD99517003FC87E /* PBXTargetDependency */ = {
			isa = PBXTargetDependency;
			target = 13B07F861A680F5B00A75B9A /* allicantellyou */;
			targetProxy = 00E356F41AD99517003FC87E /* PBXContainerItemProxy */;
		};
		2D02E4921E0B4A5D006451C7 /* PBXTargetDependency */ = {
			isa = PBXTargetDependency;
			target = 2D02E47A1E0B4A5D006451C7 /* allicantellyou-tvOS */;
			targetProxy = 2D02E4911E0B4A5D006451C7 /* PBXContainerItemProxy */;
		};
/* End PBXTargetDependency section */

/* Begin XCBuildConfiguration section */
		00E356F61AD99517003FC87E /* Debug */ = {
			isa = XCBuildConfiguration;
			baseConfigurationReference = BA0FA134D527D0EB6A11F453 /* Pods-allicantellyouTests.debug.xcconfig */;
			buildSettings = {
				BUNDLE_LOADER = "$(TEST_HOST)";
				DEVELOPMENT_TEAM = 76WFN78P49;
				GCC_PREPROCESSOR_DEFINITIONS = (
					"DEBUG=1",
					"$(inherited)",
				);
				INFOPLIST_FILE = allicantellyouTests/Info.plist;
				IPHONEOS_DEPLOYMENT_TARGET = 9.0;
				LD_RUNPATH_SEARCH_PATHS = "$(inherited) @executable_path/Frameworks @loader_path/Frameworks";
				OTHER_LDFLAGS = (
					"-ObjC",
					"-lc++",
					"$(inherited)",
				);
				PRODUCT_BUNDLE_IDENTIFIER = "org.reactjs.native.example.$(PRODUCT_NAME:rfc1034identifier)";
				PRODUCT_NAME = "$(TARGET_NAME)";
				TEST_HOST = "$(BUILT_PRODUCTS_DIR)/allicantellyou.app/allicantellyou";
			};
			name = Debug;
		};
		00E356F71AD99517003FC87E /* Release */ = {
			isa = XCBuildConfiguration;
			baseConfigurationReference = 4A283154FD900F4C19EB8BF3 /* Pods-allicantellyouTests.release.xcconfig */;
			buildSettings = {
				BUNDLE_LOADER = "$(TEST_HOST)";
				COPY_PHASE_STRIP = NO;
				DEVELOPMENT_TEAM = 76WFN78P49;
				INFOPLIST_FILE = allicantellyouTests/Info.plist;
				IPHONEOS_DEPLOYMENT_TARGET = 9.0;
				LD_RUNPATH_SEARCH_PATHS = "$(inherited) @executable_path/Frameworks @loader_path/Frameworks";
				OTHER_LDFLAGS = (
					"-ObjC",
					"-lc++",
					"$(inherited)",
				);
				PRODUCT_BUNDLE_IDENTIFIER = "org.reactjs.native.example.$(PRODUCT_NAME:rfc1034identifier)";
				PRODUCT_NAME = "$(TARGET_NAME)";
				TEST_HOST = "$(BUILT_PRODUCTS_DIR)/allicantellyou.app/allicantellyou";
			};
			name = Release;
		};
		13B07F941A680F5B00A75B9A /* Debug */ = {
			isa = XCBuildConfiguration;
			baseConfigurationReference = 0BBBCC96B3ABAD1BD01C6D39 /* Pods-allicantellyou.debug.xcconfig */;
			buildSettings = {
				ASSETCATALOG_COMPILER_APPICON_NAME = AppIcon;
				CODE_SIGN_ENTITLEMENTS = allicantellyou/allicantellyouDebug.entitlements;
				CURRENT_PROJECT_VERSION = 14;
				DEAD_CODE_STRIPPING = NO;
				DEVELOPMENT_TEAM = 7XP2UFQ768;
				INFOPLIST_FILE = allicantellyou/Info.plist;
				IPHONEOS_DEPLOYMENT_TARGET = 9.0;
				LD_RUNPATH_SEARCH_PATHS = "$(inherited) @executable_path/Frameworks";
				MARKETING_VERSION = 1.0.3;
				OTHER_LDFLAGS = (
					"$(inherited)",
					"-ObjC",
					"-lc++",
				);
				PRODUCT_BUNDLE_IDENTIFIER = com.allicantellyou.beta;
				PRODUCT_NAME = allicantellyou;
				TARGETED_DEVICE_FAMILY = 1;
				VERSIONING_SYSTEM = "apple-generic";
			};
			name = Debug;
		};
		13B07F951A680F5B00A75B9A /* Release */ = {
			isa = XCBuildConfiguration;
			baseConfigurationReference = 4E86E4582D7CC57194EBC174 /* Pods-allicantellyou.release.xcconfig */;
			buildSettings = {
				ASSETCATALOG_COMPILER_APPICON_NAME = AppIcon;
				CODE_SIGN_ENTITLEMENTS = allicantellyou/allicantellyou.entitlements;
				CURRENT_PROJECT_VERSION = 14;
				DEVELOPMENT_TEAM = 7XP2UFQ768;
				INFOPLIST_FILE = allicantellyou/Info.plist;
				IPHONEOS_DEPLOYMENT_TARGET = 9.0;
				LD_RUNPATH_SEARCH_PATHS = "$(inherited) @executable_path/Frameworks";
				MARKETING_VERSION = 1.0.3;
				OTHER_LDFLAGS = (
					"$(inherited)",
					"-ObjC",
					"-lc++",
				);
				PRODUCT_BUNDLE_IDENTIFIER = com.allicantellyou.beta;
				PRODUCT_NAME = allicantellyou;
				TARGETED_DEVICE_FAMILY = 1;
				VERSIONING_SYSTEM = "apple-generic";
			};
			name = Release;
		};
		2D02E4971E0B4A5E006451C7 /* Debug */ = {
			isa = XCBuildConfiguration;
			baseConfigurationReference = AEB2CD41B444D8C86E298D90 /* Pods-allicantellyou-tvOS.debug.xcconfig */;
			buildSettings = {
				ASSETCATALOG_COMPILER_APPICON_NAME = "App Icon & Top Shelf Image";
				ASSETCATALOG_COMPILER_LAUNCHIMAGE_NAME = LaunchImage;
				CLANG_ANALYZER_NONNULL = YES;
				CLANG_WARN_DOCUMENTATION_COMMENTS = YES;
				CLANG_WARN_INFINITE_RECURSION = YES;
				CLANG_WARN_SUSPICIOUS_MOVE = YES;
				DEBUG_INFORMATION_FORMAT = dwarf;
				ENABLE_TESTABILITY = YES;
				GCC_NO_COMMON_BLOCKS = YES;
				INFOPLIST_FILE = "allicantellyou-tvOS/Info.plist";
				LD_RUNPATH_SEARCH_PATHS = "$(inherited) @executable_path/Frameworks";
				OTHER_LDFLAGS = (
					"$(inherited)",
					"-ObjC",
					"-lc++",
				);
				PRODUCT_BUNDLE_IDENTIFIER = "com.facebook.REACT.allicantellyou-tvOS";
				PRODUCT_NAME = "$(TARGET_NAME)";
				SDKROOT = appletvos;
				TARGETED_DEVICE_FAMILY = 3;
				TVOS_DEPLOYMENT_TARGET = 9.2;
			};
			name = Debug;
		};
		2D02E4981E0B4A5E006451C7 /* Release */ = {
			isa = XCBuildConfiguration;
			baseConfigurationReference = A6B3BEE2C18B5B8A6B9AF027 /* Pods-allicantellyou-tvOS.release.xcconfig */;
			buildSettings = {
				ASSETCATALOG_COMPILER_APPICON_NAME = "App Icon & Top Shelf Image";
				ASSETCATALOG_COMPILER_LAUNCHIMAGE_NAME = LaunchImage;
				CLANG_ANALYZER_NONNULL = YES;
				CLANG_WARN_DOCUMENTATION_COMMENTS = YES;
				CLANG_WARN_INFINITE_RECURSION = YES;
				CLANG_WARN_SUSPICIOUS_MOVE = YES;
				COPY_PHASE_STRIP = NO;
				DEBUG_INFORMATION_FORMAT = "dwarf-with-dsym";
				GCC_NO_COMMON_BLOCKS = YES;
				INFOPLIST_FILE = "allicantellyou-tvOS/Info.plist";
				LD_RUNPATH_SEARCH_PATHS = "$(inherited) @executable_path/Frameworks";
				OTHER_LDFLAGS = (
					"$(inherited)",
					"-ObjC",
					"-lc++",
				);
				PRODUCT_BUNDLE_IDENTIFIER = "com.facebook.REACT.allicantellyou-tvOS";
				PRODUCT_NAME = "$(TARGET_NAME)";
				SDKROOT = appletvos;
				TARGETED_DEVICE_FAMILY = 3;
				TVOS_DEPLOYMENT_TARGET = 9.2;
			};
			name = Release;
		};
		2D02E4991E0B4A5E006451C7 /* Debug */ = {
			isa = XCBuildConfiguration;
			baseConfigurationReference = 4A7CF795B5FB4CD4018770DB /* Pods-allicantellyou-tvOSTests.debug.xcconfig */;
			buildSettings = {
				BUNDLE_LOADER = "$(TEST_HOST)";
				CLANG_ANALYZER_NONNULL = YES;
				CLANG_WARN_DOCUMENTATION_COMMENTS = YES;
				CLANG_WARN_INFINITE_RECURSION = YES;
				CLANG_WARN_SUSPICIOUS_MOVE = YES;
				DEBUG_INFORMATION_FORMAT = dwarf;
				ENABLE_TESTABILITY = YES;
				GCC_NO_COMMON_BLOCKS = YES;
				INFOPLIST_FILE = "allicantellyou-tvOSTests/Info.plist";
				LD_RUNPATH_SEARCH_PATHS = "$(inherited) @executable_path/Frameworks @loader_path/Frameworks";
				OTHER_LDFLAGS = (
					"$(inherited)",
					"-ObjC",
					"-lc++",
				);
				PRODUCT_BUNDLE_IDENTIFIER = "com.facebook.REACT.allicantellyou-tvOSTests";
				PRODUCT_NAME = "$(TARGET_NAME)";
				SDKROOT = appletvos;
				TEST_HOST = "$(BUILT_PRODUCTS_DIR)/allicantellyou-tvOS.app/allicantellyou-tvOS";
				TVOS_DEPLOYMENT_TARGET = 10.1;
			};
			name = Debug;
		};
		2D02E49A1E0B4A5E006451C7 /* Release */ = {
			isa = XCBuildConfiguration;
			baseConfigurationReference = 5E25EA544FC77AE77D6D564C /* Pods-allicantellyou-tvOSTests.release.xcconfig */;
			buildSettings = {
				BUNDLE_LOADER = "$(TEST_HOST)";
				CLANG_ANALYZER_NONNULL = YES;
				CLANG_WARN_DOCUMENTATION_COMMENTS = YES;
				CLANG_WARN_INFINITE_RECURSION = YES;
				CLANG_WARN_SUSPICIOUS_MOVE = YES;
				COPY_PHASE_STRIP = NO;
				DEBUG_INFORMATION_FORMAT = "dwarf-with-dsym";
				GCC_NO_COMMON_BLOCKS = YES;
				INFOPLIST_FILE = "allicantellyou-tvOSTests/Info.plist";
				LD_RUNPATH_SEARCH_PATHS = "$(inherited) @executable_path/Frameworks @loader_path/Frameworks";
				OTHER_LDFLAGS = (
					"$(inherited)",
					"-ObjC",
					"-lc++",
				);
				PRODUCT_BUNDLE_IDENTIFIER = "com.facebook.REACT.allicantellyou-tvOSTests";
				PRODUCT_NAME = "$(TARGET_NAME)";
				SDKROOT = appletvos;
				TEST_HOST = "$(BUILT_PRODUCTS_DIR)/allicantellyou-tvOS.app/allicantellyou-tvOS";
				TVOS_DEPLOYMENT_TARGET = 10.1;
			};
			name = Release;
		};
		83CBBA201A601CBA00E9B192 /* Debug */ = {
			isa = XCBuildConfiguration;
			buildSettings = {
				ALWAYS_SEARCH_USER_PATHS = NO;
				CLANG_CXX_LANGUAGE_STANDARD = "gnu++0x";
				CLANG_CXX_LIBRARY = "libc++";
				CLANG_ENABLE_MODULES = YES;
				CLANG_ENABLE_OBJC_ARC = YES;
				CLANG_WARN_BLOCK_CAPTURE_AUTORELEASING = YES;
				CLANG_WARN_BOOL_CONVERSION = YES;
				CLANG_WARN_COMMA = YES;
				CLANG_WARN_CONSTANT_CONVERSION = YES;
				CLANG_WARN_DEPRECATED_OBJC_IMPLEMENTATIONS = YES;
				CLANG_WARN_DIRECT_OBJC_ISA_USAGE = YES_ERROR;
				CLANG_WARN_EMPTY_BODY = YES;
				CLANG_WARN_ENUM_CONVERSION = YES;
				CLANG_WARN_INFINITE_RECURSION = YES;
				CLANG_WARN_INT_CONVERSION = YES;
				CLANG_WARN_NON_LITERAL_NULL_CONVERSION = YES;
				CLANG_WARN_OBJC_IMPLICIT_RETAIN_SELF = YES;
				CLANG_WARN_OBJC_LITERAL_CONVERSION = YES;
				CLANG_WARN_OBJC_ROOT_CLASS = YES_ERROR;
				CLANG_WARN_RANGE_LOOP_ANALYSIS = YES;
				CLANG_WARN_STRICT_PROTOTYPES = YES;
				CLANG_WARN_SUSPICIOUS_MOVE = YES;
				CLANG_WARN_UNREACHABLE_CODE = YES;
				CLANG_WARN__DUPLICATE_METHOD_MATCH = YES;
				"CODE_SIGN_IDENTITY[sdk=iphoneos*]" = "iPhone Developer";
				COPY_PHASE_STRIP = NO;
				ENABLE_STRICT_OBJC_MSGSEND = YES;
				ENABLE_TESTABILITY = YES;
				GCC_C_LANGUAGE_STANDARD = gnu99;
				GCC_DYNAMIC_NO_PIC = NO;
				GCC_NO_COMMON_BLOCKS = YES;
				GCC_OPTIMIZATION_LEVEL = 0;
				GCC_PREPROCESSOR_DEFINITIONS = (
					"DEBUG=1",
					"$(inherited)",
				);
				GCC_SYMBOLS_PRIVATE_EXTERN = NO;
				GCC_WARN_64_TO_32_BIT_CONVERSION = YES;
				GCC_WARN_ABOUT_RETURN_TYPE = YES_ERROR;
				GCC_WARN_UNDECLARED_SELECTOR = YES;
				GCC_WARN_UNINITIALIZED_AUTOS = YES_AGGRESSIVE;
				GCC_WARN_UNUSED_FUNCTION = YES;
				GCC_WARN_UNUSED_VARIABLE = YES;
				IPHONEOS_DEPLOYMENT_TARGET = 9.0;
				MTL_ENABLE_DEBUG_INFO = YES;
				ONLY_ACTIVE_ARCH = YES;
				SDKROOT = iphoneos;
			};
			name = Debug;
		};
		83CBBA211A601CBA00E9B192 /* Release */ = {
			isa = XCBuildConfiguration;
			buildSettings = {
				ALWAYS_SEARCH_USER_PATHS = NO;
				CLANG_CXX_LANGUAGE_STANDARD = "gnu++0x";
				CLANG_CXX_LIBRARY = "libc++";
				CLANG_ENABLE_MODULES = YES;
				CLANG_ENABLE_OBJC_ARC = YES;
				CLANG_WARN_BLOCK_CAPTURE_AUTORELEASING = YES;
				CLANG_WARN_BOOL_CONVERSION = YES;
				CLANG_WARN_COMMA = YES;
				CLANG_WARN_CONSTANT_CONVERSION = YES;
				CLANG_WARN_DEPRECATED_OBJC_IMPLEMENTATIONS = YES;
				CLANG_WARN_DIRECT_OBJC_ISA_USAGE = YES_ERROR;
				CLANG_WARN_EMPTY_BODY = YES;
				CLANG_WARN_ENUM_CONVERSION = YES;
				CLANG_WARN_INFINITE_RECURSION = YES;
				CLANG_WARN_INT_CONVERSION = YES;
				CLANG_WARN_NON_LITERAL_NULL_CONVERSION = YES;
				CLANG_WARN_OBJC_IMPLICIT_RETAIN_SELF = YES;
				CLANG_WARN_OBJC_LITERAL_CONVERSION = YES;
				CLANG_WARN_OBJC_ROOT_CLASS = YES_ERROR;
				CLANG_WARN_RANGE_LOOP_ANALYSIS = YES;
				CLANG_WARN_STRICT_PROTOTYPES = YES;
				CLANG_WARN_SUSPICIOUS_MOVE = YES;
				CLANG_WARN_UNREACHABLE_CODE = YES;
				CLANG_WARN__DUPLICATE_METHOD_MATCH = YES;
				"CODE_SIGN_IDENTITY[sdk=iphoneos*]" = "iPhone Developer";
				COPY_PHASE_STRIP = YES;
				ENABLE_NS_ASSERTIONS = NO;
				ENABLE_STRICT_OBJC_MSGSEND = YES;
				GCC_C_LANGUAGE_STANDARD = gnu99;
				GCC_NO_COMMON_BLOCKS = YES;
				GCC_WARN_64_TO_32_BIT_CONVERSION = YES;
				GCC_WARN_ABOUT_RETURN_TYPE = YES_ERROR;
				GCC_WARN_UNDECLARED_SELECTOR = YES;
				GCC_WARN_UNINITIALIZED_AUTOS = YES_AGGRESSIVE;
				GCC_WARN_UNUSED_FUNCTION = YES;
				GCC_WARN_UNUSED_VARIABLE = YES;
				IPHONEOS_DEPLOYMENT_TARGET = 9.0;
				MTL_ENABLE_DEBUG_INFO = NO;
				SDKROOT = iphoneos;
				VALIDATE_PRODUCT = YES;
			};
			name = Release;
		};
/* End XCBuildConfiguration section */

/* Begin XCConfigurationList section */
		00E357021AD99517003FC87E /* Build configuration list for PBXNativeTarget "allicantellyouTests" */ = {
			isa = XCConfigurationList;
			buildConfigurations = (
				00E356F61AD99517003FC87E /* Debug */,
				00E356F71AD99517003FC87E /* Release */,
			);
			defaultConfigurationIsVisible = 0;
			defaultConfigurationName = Release;
		};
		13B07F931A680F5B00A75B9A /* Build configuration list for PBXNativeTarget "allicantellyou" */ = {
			isa = XCConfigurationList;
			buildConfigurations = (
				13B07F941A680F5B00A75B9A /* Debug */,
				13B07F951A680F5B00A75B9A /* Release */,
			);
			defaultConfigurationIsVisible = 0;
			defaultConfigurationName = Release;
		};
		2D02E4BA1E0B4A5E006451C7 /* Build configuration list for PBXNativeTarget "allicantellyou-tvOS" */ = {
			isa = XCConfigurationList;
			buildConfigurations = (
				2D02E4971E0B4A5E006451C7 /* Debug */,
				2D02E4981E0B4A5E006451C7 /* Release */,
			);
			defaultConfigurationIsVisible = 0;
			defaultConfigurationName = Release;
		};
		2D02E4BB1E0B4A5E006451C7 /* Build configuration list for PBXNativeTarget "allicantellyou-tvOSTests" */ = {
			isa = XCConfigurationList;
			buildConfigurations = (
				2D02E4991E0B4A5E006451C7 /* Debug */,
				2D02E49A1E0B4A5E006451C7 /* Release */,
			);
			defaultConfigurationIsVisible = 0;
			defaultConfigurationName = Release;
		};
		83CBB9FA1A601CBA00E9B192 /* Build configuration list for PBXProject "allicantellyou" */ = {
			isa = XCConfigurationList;
			buildConfigurations = (
				83CBBA201A601CBA00E9B192 /* Debug */,
				83CBBA211A601CBA00E9B192 /* Release */,
			);
			defaultConfigurationIsVisible = 0;
			defaultConfigurationName = Release;
		};
/* End XCConfigurationList section */
	};
	rootObject = 83CBB9F71A601CBA00E9B192 /* Project object */;
}
